{
  "version": "3",
  "packages": {
    "specifiers": {
      "npm:hono": "npm:hono@3.10.1"
    },
    "npm": {
      "hono@3.10.1": {
        "integrity": "sha512-4jPKCmYWLAoCMpmvOU+xNOQYdcNftip7sM/IsO8EPyGAtjk9fGNyUchG6huSzLrY449WDNGFPetVs5doepNnlA==",
        "dependencies": {}
      }
    }
  },
  "remote": {
    "https://deno.land/std@0.212.0/dotenv/mod.ts": "46cc7a78cf3f7ba533c8c9b90407a365f925be332ebdc867a1f502614e3d8523",
    "https://deno.land/std@0.212.0/dotenv/parse.ts": "55d5d1a5ba76c1324e6dc2f2f7917f03c47e5da5c2c55af11fd0fe2d6a3d3a2e",
    "https://deno.land/std@0.212.0/dotenv/stringify.ts": "0047ad7068289735d08964046aea267a750c141b494ca0e38831b89be6c020c2"
  }
}
